
Microsoft Visual Studio Solution File, Format Version 12.00
# Visual Studio Version 17
VisualStudioVersion = 17.14.36301.6 d17.14
MinimumVisualStudioVersion = 10.0.40219.1
Project("{FAE04EC0-301F-11D3-BF4B-00C04F79EFBC}") = "Ejemplo1", "Ejemplo1\Ejemplo1.csproj", "{127C3FE6-665E-4C2F-BBDE-532C3EF588D3}"
EndProject
Global
	GlobalSection(SolutionConfigurationPlatforms) = preSolution
		Debug|Any CPU = Debug|Any CPU
		Release|Any CPU = Release|Any CPU
	EndGlobalSection
	GlobalSection(ProjectConfigurationPlatforms) = postSolution
		{127C3FE6-665E-4C2F-BBDE-532C3EF588D3}.Debug|Any CPU.ActiveCfg = Debug|Any CPU
		{127C3FE6-665E-4C2F-BBDE-532C3EF588D3}.Debug|Any CPU.Build.0 = Debug|Any CPU
		{127C3FE6-665E-4C2F-BBDE-532C3EF588D3}.Release|Any CPU.ActiveCfg = Release|Any CPU
		{127C3FE6-665E-4C2F-BBDE-532C3EF588D3}.Release|Any CPU.Build.0 = Release|Any CPU
	EndGlobalSection
	GlobalSection(SolutionProperties) = preSolution
		HideSolutionNode = FALSE
	EndGlobalSection
	GlobalSection(ExtensibilityGlobals) = postSolution
		SolutionGuid = {6B5F9FEF-4529-46DF-A7AC-81B4D53CECFE}
	EndGlobalSection
EndGlobal
